<?xml version="1.0" encoding="UTF-8"?>
<CONFIG>
  <ProjectOptions>
    <Version Value="11"/>
    <PathDelim Value="\"/>
    <General>
      <Flags>
        <MainUnitHasUsesSectionForAllUnits Value="False"/>
        <MainUnitHasCreateFormStatements Value="False"/>
        <MainUnitHasTitleStatement Value="False"/>
      </Flags>
      <SessionStorage Value="InProjectDir"/>
      <MainUnit Value="0"/>
      <Title Value="Integrated"/>
      <UseAppBundle Value="False"/>
      <ResourceType Value="res"/>
      <UseXPManifest Value="True"/>
      <Icon Value="0"/>
      <Resources Count="2">
        <Resource_0 FileName="Drag.cur" Type="CURSOR" ResourceName="DRAG"/>
        <Resource_1 FileName="FlatHand.cur" Type="CURSOR" ResourceName="FLATHAND"/>
      </Resources>
    </General>
    <i18n>
      <EnableI18N LFM="False"/>
    </i18n>
    <BuildModes Count="2">
      <Item1 Name="Debug" Default="True"/>
      <Item2 Name="Release">
        <CompilerOptions>
          <Version Value="11"/>
          <PathDelim Value="\"/>
          <Target>
            <Filename Value="c-evo"/>
          </Target>
          <SearchPaths>
            <IncludeFiles Value="LocalPlayer;$(ProjOutDir)"/>
            <OtherUnitFiles Value="LocalPlayer"/>
            <UnitOutputDirectory Value="lib\$(TargetCPU)-$(TargetOS)-$(BuildMode)"/>
          </SearchPaths>
          <Parsing>
            <SyntaxOptions>
              <SyntaxMode Value="Delphi"/>
              <CStyleOperator Value="False"/>
              <AllowLabel Value="False"/>
              <CPPInline Value="False"/>
            </SyntaxOptions>
          </Parsing>
          <CodeGeneration>
            <SmartLinkUnit Value="True"/>
            <Optimizations>
              <OptimizationLevel Value="3"/>
            </Optimizations>
          </CodeGeneration>
          <Linking>
            <Debugging>
              <GenerateDebugInfo Value="False"/>
            </Debugging>
            <LinkSmart Value="True"/>
            <Options>
              <Win32>
                <GraphicApplication Value="True"/>
              </Win32>
            </Options>
          </Linking>
          <Other>
            <CompilerMessages>
              <IgnoredMessages idx5024="True"/>
            </CompilerMessages>
            <CustomOptions Value="-dBorland -dVer150 -dDelphi7 -dCompiler6_Up -dPUREPASCAL"/>
          </Other>
        </CompilerOptions>
      </Item2>
      <SharedMatrixOptions Count="2">
        <Item1 ID="151739052537" Targets="CevoComponents" Modes="Debug" Value="-g -gl -gh -CirotR -O1"/>
        <Item2 ID="186701832267" Targets="CevoComponents" Modes="Release" Value="-CX -XX -O3"/>
      </SharedMatrixOptions>
    </BuildModes>
    <PublishOptions>
      <Version Value="2"/>
    </PublishOptions>
    <RunParams>
      <FormatVersion Value="2"/>
      <Modes Count="1">
        <Mode0 Name="default"/>
      </Modes>
    </RunParams>
    <RequiredPackages Count="2">
      <Item1>
        <PackageName Value="CevoComponents"/>
        <DefaultFilename Value="Packages\CevoComponents\CevoComponents.lpk" Prefer="True"/>
      </Item1>
      <Item2>
        <PackageName Value="LCL"/>
      </Item2>
    </RequiredPackages>
    <Units Count="42">
      <Unit0>
        <Filename Value="Integrated.lpr"/>
        <IsPartOfProject Value="True"/>
      </Unit0>
      <Unit1>
        <Filename Value="Protocol.pas"/>
        <IsPartOfProject Value="True"/>
      </Unit1>
      <Unit2>
        <Filename Value="CmdList.pas"/>
        <IsPartOfProject Value="True"/>
      </Unit2>
      <Unit3>
        <Filename Value="Database.pas"/>
        <IsPartOfProject Value="True"/>
      </Unit3>
      <Unit4>
        <Filename Value="GameServer.pas"/>
        <IsPartOfProject Value="True"/>
      </Unit4>
      <Unit5>
        <Filename Value="CityProcessing.pas"/>
        <IsPartOfProject Value="True"/>
      </Unit5>
      <Unit6>
        <Filename Value="UnitProcessing.pas"/>
        <IsPartOfProject Value="True"/>
      </Unit6>
      <Unit7>
        <Filename Value="Direct.pas"/>
        <IsPartOfProject Value="True"/>
        <ComponentName Value="DirectDlg"/>
        <HasResources Value="True"/>
        <ResourceBaseClass Value="Form"/>
      </Unit7>
      <Unit8>
        <Filename Value="Start.pas"/>
        <IsPartOfProject Value="True"/>
        <ComponentName Value="StartDlg"/>
        <HasResources Value="True"/>
        <ResourceBaseClass Value="Form"/>
      </Unit8>
      <Unit9>
        <Filename Value="Messg.pas"/>
        <IsPartOfProject Value="True"/>
        <ComponentName Value="MessgDlg"/>
        <HasResources Value="True"/>
        <ResourceBaseClass Value="Form"/>
      </Unit9>
      <Unit10>
        <Filename Value="Inp.pas"/>
        <IsPartOfProject Value="True"/>
        <ComponentName Value="InputDlg"/>
        <HasResources Value="True"/>
        <ResourceBaseClass Value="Form"/>
      </Unit10>
      <Unit11>
        <Filename Value="Back.pas"/>
        <IsPartOfProject Value="True"/>
        <ComponentName Value="Background"/>
        <HasResources Value="True"/>
        <ResourceBaseClass Value="Form"/>
      </Unit11>
      <Unit12>
        <Filename Value="Log.pas"/>
        <IsPartOfProject Value="True"/>
        <ComponentName Value="LogDlg"/>
        <HasResources Value="True"/>
        <ResourceBaseClass Value="Form"/>
      </Unit12>
      <Unit13>
        <Filename Value="LocalPlayer\PVSB.pas"/>
        <IsPartOfProject Value="True"/>
      </Unit13>
      <Unit14>
        <Filename Value="LocalPlayer\LocalPlayer.pas"/>
        <IsPartOfProject Value="True"/>
      </Unit14>
      <Unit15>
        <Filename Value="LocalPlayer\ClientTools.pas"/>
        <IsPartOfProject Value="True"/>
      </Unit15>
      <Unit16>
        <Filename Value="LocalPlayer\Diplomacy.pas"/>
        <IsPartOfProject Value="True"/>
      </Unit16>
      <Unit17>
        <Filename Value="LocalPlayer\Tribes.pas"/>
        <IsPartOfProject Value="True"/>
      </Unit17>
      <Unit18>
        <Filename Value="LocalPlayer\IsoEngine.pas"/>
        <IsPartOfProject Value="True"/>
      </Unit18>
      <Unit19>
        <Filename Value="LocalPlayer\Term.pas"/>
        <IsPartOfProject Value="True"/>
        <ComponentName Value="MainScreen"/>
        <HasResources Value="True"/>
        <ResourceBaseClass Value="Form"/>
      </Unit19>
      <Unit20>
        <Filename Value="LocalPlayer\MessgEx.pas"/>
        <IsPartOfProject Value="True"/>
        <ComponentName Value="MessgExDlg"/>
        <HasResources Value="True"/>
        <ResourceBaseClass Value="Form"/>
      </Unit20>
      <Unit21>
        <Filename Value="LocalPlayer\Help.pas"/>
        <IsPartOfProject Value="True"/>
        <ComponentName Value="HelpDlg"/>
        <HasResources Value="True"/>
        <ResourceBaseClass Value="Form"/>
      </Unit21>
      <Unit22>
        <Filename Value="LocalPlayer\Select.pas"/>
        <IsPartOfProject Value="True"/>
        <ComponentName Value="ListDlg"/>
        <HasResources Value="True"/>
        <ResourceBaseClass Value="Form"/>
      </Unit22>
      <Unit23>
        <Filename Value="LocalPlayer\CityScreen.pas"/>
        <IsPartOfProject Value="True"/>
        <ComponentName Value="CityDlg"/>
        <HasResources Value="True"/>
        <ResourceBaseClass Value="Form"/>
      </Unit23>
      <Unit24>
        <Filename Value="LocalPlayer\UnitStat.pas"/>
        <IsPartOfProject Value="True"/>
        <ComponentName Value="UnitStatDlg"/>
        <HasResources Value="True"/>
        <ResourceBaseClass Value="Form"/>
      </Unit24>
      <Unit25>
        <Filename Value="LocalPlayer\Draft.pas"/>
        <IsPartOfProject Value="True"/>
        <ComponentName Value="DraftDlg"/>
        <HasResources Value="True"/>
        <ResourceBaseClass Value="Form"/>
      </Unit25>
      <Unit26>
        <Filename Value="LocalPlayer\NatStat.pas"/>
        <IsPartOfProject Value="True"/>
        <ComponentName Value="NatStatDlg"/>
        <HasResources Value="True"/>
        <ResourceBaseClass Value="Form"/>
      </Unit26>
      <Unit27>
        <Filename Value="LocalPlayer\Diagram.pas"/>
        <IsPartOfProject Value="True"/>
        <ComponentName Value="DiaDlg"/>
        <HasResources Value="True"/>
        <ResourceBaseClass Value="Form"/>
      </Unit27>
      <Unit28>
        <Filename Value="LocalPlayer\Wonders.pas"/>
        <IsPartOfProject Value="True"/>
        <ComponentName Value="WondersDlg"/>
        <HasResources Value="True"/>
        <ResourceBaseClass Value="Form"/>
      </Unit28>
      <Unit29>
        <Filename Value="LocalPlayer\Nego.pas"/>
        <IsPartOfProject Value="True"/>
        <ComponentName Value="NegoDlg"/>
        <HasResources Value="True"/>
        <ResourceBaseClass Value="Form"/>
      </Unit29>
      <Unit30>
        <Filename Value="LocalPlayer\CityType.pas"/>
        <IsPartOfProject Value="True"/>
        <ComponentName Value="CityTypeDlg"/>
        <HasResources Value="True"/>
        <ResourceBaseClass Value="Form"/>
      </Unit30>
      <Unit31>
        <Filename Value="LocalPlayer\Enhance.pas"/>
        <IsPartOfProject Value="True"/>
        <ComponentName Value="EnhanceDlg"/>
        <HasResources Value="True"/>
        <ResourceBaseClass Value="Form"/>
      </Unit31>
      <Unit32>
        <Filename Value="NoTerm.pas"/>
        <IsPartOfProject Value="True"/>
        <ComponentName Value="NoTermDlg"/>
        <HasResources Value="True"/>
        <ResourceBaseClass Value="Form"/>
      </Unit32>
      <Unit33>
        <Filename Value="LocalPlayer\Battle.pas"/>
        <IsPartOfProject Value="True"/>
        <ComponentName Value="BattleDlg"/>
        <HasResources Value="True"/>
        <ResourceBaseClass Value="Form"/>
      </Unit33>
      <Unit34>
        <Filename Value="LocalPlayer\Rates.pas"/>
        <IsPartOfProject Value="True"/>
        <ComponentName Value="RatesDlg"/>
        <HasResources Value="True"/>
        <ResourceBaseClass Value="Form"/>
      </Unit34>
      <Unit35>
        <Filename Value="LocalPlayer\TechTree.pas"/>
        <IsPartOfProject Value="True"/>
        <ComponentName Value="TechTreeDlg"/>
        <HasResources Value="True"/>
        <ResourceBaseClass Value="Form"/>
      </Unit35>
      <Unit36>
        <Filename Value="Platform.pas"/>
        <IsPartOfProject Value="True"/>
      </Unit36>
      <Unit37>
        <Filename Value="Switches.inc"/>
        <IsPartOfProject Value="True"/>
      </Unit37>
      <Unit38>
        <Filename Value="Settings.pas"/>
        <IsPartOfProject Value="True"/>
        <ComponentName Value="SettingsDlg"/>
        <HasResources Value="True"/>
        <ResourceBaseClass Value="Form"/>
      </Unit38>
      <Unit39>
        <Filename Value="IPQ.pas"/>
        <IsPartOfProject Value="True"/>
      </Unit39>
      <Unit40>
        <Filename Value="Global.pas"/>
        <IsPartOfProject Value="True"/>
      </Unit40>
      <Unit41>
        <Filename Value="LocalPlayer\UKeyBindings.pas"/>
        <IsPartOfProject Value="True"/>
      </Unit41>
    </Units>
  </ProjectOptions>
  <CompilerOptions>
    <Version Value="11"/>
    <PathDelim Value="\"/>
    <Target>
      <Filename Value="c-evo"/>
    </Target>
    <SearchPaths>
      <IncludeFiles Value="LocalPlayer;$(ProjOutDir)"/>
      <OtherUnitFiles Value="LocalPlayer"/>
      <UnitOutputDirectory Value="lib\$(TargetCPU)-$(TargetOS)-$(BuildMode)"/>
    </SearchPaths>
    <Parsing>
      <SyntaxOptions>
        <SyntaxMode Value="Delphi"/>
        <CStyleOperator Value="False"/>
        <IncludeAssertionCode Value="True"/>
        <AllowLabel Value="False"/>
        <CPPInline Value="False"/>
      </SyntaxOptions>
    </Parsing>
    <CodeGeneration>
      <Checks>
        <IOChecks Value="True"/>
        <RangeChecks Value="True"/>
        <OverflowChecks Value="True"/>
        <StackChecks Value="True"/>
      </Checks>
      <VerifyObjMethodCallValidity Value="True"/>
    </CodeGeneration>
    <Linking>
      <Debugging>
        <UseHeaptrc Value="True"/>
        <UseExternalDbgSyms Value="True"/>
      </Debugging>
      <Options>
        <Win32>
          <GraphicApplication Value="True"/>
        </Win32>
      </Options>
    </Linking>
    <Other>
      <CompilerMessages>
        <IgnoredMessages idx5024="True"/>
      </CompilerMessages>
      <CustomOptions Value="-dDEBUG"/>
    </Other>
  </CompilerOptions>
  <Debugging>
    <Exceptions Count="3">
      <Item1>
        <Name Value="EAbort"/>
      </Item1>
      <Item2>
        <Name Value="ECodetoolError"/>
      </Item2>
      <Item3>
        <Name Value="EFOpenError"/>
      </Item3>
    </Exceptions>
  </Debugging>
</CONFIG>
